// !$*UTF8*$!
{
	archiveVersion = 1;
	classes = {
	};
	objectVersion = 46;
	objects = {

/* Begin PBXBuildFile section */
		064D41041DD1946D0028FEBC /* AppDelegate.swift in Sources */ = {isa = PBXBuildFile; fileRef = 064D41031DD1946D0028FEBC /* AppDelegate.swift */; };
		064D41061DD1946D0028FEBC /* ViewController.swift in Sources */ = {isa = PBXBuildFile; fileRef = 064D41051DD1946D0028FEBC /* ViewController.swift */; };
		064D41091DD1946E0028FEBC /* Main.storyboard in Resources */ = {isa = PBXBuildFile; fileRef = 064D41071DD1946E0028FEBC /* Main.storyboard */; };
		064D410C1DD1946E0028FEBC /* TestApp_10.xcdatamodeld in Sources */ = {isa = PBXBuildFile; fileRef = 064D410A1DD1946E0028FEBC /* TestApp_10.xcdatamodeld */; };
		064D410E1DD1946E0028FEBC /* Assets.xcassets in Resources */ = {isa = PBXBuildFile; fileRef = 064D410D1DD1946E0028FEBC /* Assets.xcassets */; };
		064D41111DD1946E0028FEBC /* LaunchScreen.storyboard in Resources */ = {isa = PBXBuildFile; fileRef = 064D410F1DD1946E0028FEBC /* LaunchScreen.storyboard */; };
		064D411C1DD1946E0028FEBC /* TestApp_10Tests.swift in Sources */ = {isa = PBXBuildFile; fileRef = 064D411B1DD1946E0028FEBC /* TestApp_10Tests.swift */; };
		064D41271DD1946E0028FEBC /* TestApp_10UITests.swift in Sources */ = {isa = PBXBuildFile; fileRef = 064D41261DD1946E0028FEBC /* TestApp_10UITests.swift */; };
/* End PBXBuildFile section */

/* Begin PBXContainerItemProxy section */
		064D41181DD1946E0028FEBC /* PBXContainerItemProxy */ = {
			isa = PBXContainerItemProxy;
			containerPortal = 064D40F81DD1946C0028FEBC /* Project object */;
			proxyType = 1;
			remoteGlobalIDString = 064D40FF1DD1946D0028FEBC;
			remoteInfo = TestApp_10;
		};
		064D41231DD1946E0028FEBC /* PBXContainerItemProxy */ = {
			isa = PBXContainerItemProxy;
			containerPortal = 064D40F81DD1946C0028FEBC /* Project object */;
			proxyType = 1;
			remoteGlobalIDString = 064D40FF1DD1946D0028FEBC;
			remoteInfo = TestApp_10;
		};
/* End PBXContainerItemProxy section */

/* Begin PBXFileReference section */
		064D41001DD1946D0028FEBC /* TestApp_10.app */ = {isa = PBXFileReference; explicitFileType = wrapper.application; includeInIndex = 0; path = TestApp_10.app; sourceTree = BUILT_PRODUCTS_DIR; };
		064D41031DD1946D0028FEBC /* AppDelegate.swift */ = {isa = PBXFileReference; lastKnownFileType = sourcecode.swift; path = AppDelegate.swift; sourceTree = "<group>"; };
		064D41051DD1946D0028FEBC /* ViewController.swift */ = {isa = PBXFileReference; lastKnownFileType = sourcecode.swift; path = ViewController.swift; sourceTree = "<group>"; };
		064D41081DD1946E0028FEBC /* Base */ = {isa = PBXFileReference; lastKnownFileType = file.storyboard; name = Base; path = Base.lproj/Main.storyboard; sourceTree = "<group>"; };
		064D410B1DD1946E0028FEBC /* TestApp_10.xcdatamodel */ = {isa = PBXFileReference; lastKnownFileType = wrapper.xcdatamodel; path = TestApp_10.xcdatamodel; sourceTree = "<group>"; };
		064D410D1DD1946E0028FEBC /* Assets.xcassets */ = {isa = PBXFileReference; lastKnownFileType = folder.assetcatalog; path = Assets.xcassets; sourceTree = "<group>"; };
		064D41101DD1946E0028FEBC /* Base */ = {isa = PBXFileReference; lastKnownFileType = file.storyboard; name = Base; path = Base.lproj/LaunchScreen.storyboard; sourceTree = "<group>"; };
		064D41121DD1946E0028FEBC /* Info.plist */ = {isa = PBXFileReference; lastKnownFileType = text.plist.xml; path = Info.plist; sourceTree = "<group>"; };
		064D41171DD1946E0028FEBC /* TestApp_10Tests.xctest */ = {isa = PBXFileReference; explicitFileType = wrapper.cfbundle; includeInIndex = 0; path = TestApp_10Tests.xctest; sourceTree = BUILT_PRODUCTS_DIR; };
		064D411B1DD1946E0028FEBC /* TestApp_10Tests.swift */ = {isa = PBXFileReference; lastKnownFileType = sourcecode.swift; path = TestApp_10Tests.swift; sourceTree = "<group>"; };
		064D411D1DD1946E0028FEBC /* Info.plist */ = {isa = PBXFileReference; lastKnownFileType = text.plist.xml; path = Info.plist; sourceTree = "<group>"; };
		064D41221DD1946E0028FEBC /* TestApp_10UITests.xctest */ = {isa = PBXFileReference; explicitFileType = wrapper.cfbundle; includeInIndex = 0; path = TestApp_10UITests.xctest; sourceTree = BUILT_PRODUCTS_DIR; };
		064D41261DD1946E0028FEBC /* TestApp_10UITests.swift */ = {isa = PBXFileReference; lastKnownFileType = sourcecode.swift; path = TestApp_10UITests.swift; sourceTree = "<group>"; };
		064D41281DD1946E0028FEBC /* Info.plist */ = {isa = PBXFileReference; lastKnownFileType = text.plist.xml; path = Info.plist; sourceTree = "<group>"; };
/* End PBXFileReference section */

/* Begin PBXFrameworksBuildPhase section */
		064D40FD1DD1946D0028FEBC /* Frameworks */ = {
			isa = PBXFrameworksBuildPhase;
			buildActionMask = 2147483647;
			files = (
			);
			runOnlyForDeploymentPostprocessing = 0;
		};
		064D41141DD1946E0028FEBC /* Frameworks */ = {
			isa = PBXFrameworksBuildPhase;
			buildActionMask = 2147483647;
			files = (
			);
			runOnlyForDeploymentPostprocessing = 0;
		};
		064D411F1DD1946E0028FEBC /* Frameworks */ = {
			isa = PBXFrameworksBuildPhase;
			buildActionMask = 2147483647;
			files = (
			);
			runOnlyForDeploymentPostprocessing = 0;
		};
/* End PBXFrameworksBuildPhase section */

/* Begin PBXGroup section */
		064D40F71DD1946C0028FEBC = {
			isa = PBXGroup;
			children = (
				064D41021DD1946D0028FEBC /* TestApp_10 */,
				064D411A1DD1946E0028FEBC /* TestApp_10Tests */,
				064D41251DD1946E0028FEBC /* TestApp_10UITests */,
				064D41011DD1946D0028FEBC /* Products */,
			);
			sourceTree = "<group>";
		};
		064D41011DD1946D0028FEBC /* Products */ = {
			isa = PBXGroup;
			children = (
				064D41001DD1946D0028FEBC /* TestApp_10.app */,
				064D41171DD1946E0028FEBC /* TestApp_10Tests.xctest */,
				064D41221DD1946E0028FEBC /* TestApp_10UITests.xctest */,
			);
			name = Products;
			sourceTree = "<group>";
		};
		064D41021DD1946D0028FEBC /* TestApp_10 */ = {
			isa = PBXGroup;
			children = (
				064D41031DD1946D0028FEBC /* AppDelegate.swift */,
				064D41051DD1946D0028FEBC /* ViewController.swift */,
				064D41071DD1946E0028FEBC /* Main.storyboard */,
				064D410D1DD1946E0028FEBC /* Assets.xcassets */,
				064D410F1DD1946E0028FEBC /* LaunchScreen.storyboard */,
				064D41121DD1946E0028FEBC /* Info.plist */,
				064D410A1DD1946E0028FEBC /* TestApp_10.xcdatamodeld */,
			);
			path = TestApp_10;
			sourceTree = "<group>";
		};
		064D411A1DD1946E0028FEBC /* TestApp_10Tests */ = {
			isa = PBXGroup;
			children = (
				064D411B1DD1946E0028FEBC /* TestApp_10Tests.swift */,
				064D411D1DD1946E0028FEBC /* Info.plist */,
			);
			path = TestApp_10Tests;
			sourceTree = "<group>";
		};
		064D41251DD1946E0028FEBC /* TestApp_10UITests */ = {
			isa = PBXGroup;
			children = (
				064D41261DD1946E0028FEBC /* TestApp_10UITests.swift */,
				064D41281DD1946E0028FEBC /* Info.plist */,
			);
			path = TestApp_10UITests;
			sourceTree = "<group>";
		};
/* End PBXGroup section */

/* Begin PBXNativeTarget section */
		064D40FF1DD1946D0028FEBC /* TestApp_10 */ = {
			isa = PBXNativeTarget;
			buildConfigurationList = 064D412B1DD1946E0028FEBC /* Build configuration list for PBXNativeTarget "TestApp_10" */;
			buildPhases = (
				064D40FC1DD1946D0028FEBC /* Sources */,
				064D40FD1DD1946D0028FEBC /* Frameworks */,
				064D40FE1DD1946D0028FEBC /* Resources */,
			);
			buildRules = (
			);
			dependencies = (
			);
			name = TestApp_10;
			productName = TestApp_10;
			productReference = 064D41001DD1946D0028FEBC /* TestApp_10.app */;
			productType = "com.apple.product-type.application";
		};
		064D41161DD1946E0028FEBC /* TestApp_10Tests */ = {
			isa = PBXNativeTarget;
			buildConfigurationList = 064D412E1DD1946F0028FEBC /* Build configuration list for PBXNativeTarget "TestApp_10Tests" */;
			buildPhases = (
				064D41131DD1946E0028FEBC /* Sources */,
				064D41141DD1946E0028FEBC /* Frameworks */,
				064D41151DD1946E0028FEBC /* Resources */,
			);
			buildRules = (
			);
			dependencies = (
				064D41191DD1946E0028FEBC /* PBXTargetDependency */,
			);
			name = TestApp_10Tests;
			productName = TestApp_10Tests;
			productReference = 064D41171DD1946E0028FEBC /* TestApp_10Tests.xctest */;
			productType = "com.apple.product-type.bundle.unit-test";
		};
		064D41211DD1946E0028FEBC /* TestApp_10UITests */ = {
			isa = PBXNativeTarget;
			buildConfigurationList = 064D41311DD1946F0028FEBC /* Build configuration list for PBXNativeTarget "TestApp_10UITests" */;
			buildPhases = (
				064D411E1DD1946E0028FEBC /* Sources */,
				064D411F1DD1946E0028FEBC /* Frameworks */,
				064D41201DD1946E0028FEBC /* Resources */,
			);
			buildRules = (
			);
			dependencies = (
				064D41241DD1946E0028FEBC /* PBXTargetDependency */,
			);
			name = TestApp_10UITests;
			productName = TestApp_10UITests;
			productReference = 064D41221DD1946E0028FEBC /* TestApp_10UITests.xctest */;
			productType = "com.apple.product-type.bundle.ui-testing";
		};
/* End PBXNativeTarget section */

/* Begin PBXProject section */
		064D40F81DD1946C0028FEBC /* Project object */ = {
			isa = PBXProject;
			attributes = {
				LastSwiftUpdateCheck = 0810;
				LastUpgradeCheck = 0810;
				ORGANIZATIONNAME = GadgeonSmartSystems;
				TargetAttributes = {
					064D40FF1DD1946D0028FEBC = {
						CreatedOnToolsVersion = 8.1;
						DevelopmentTeam = N4N795H35D;
						ProvisioningStyle = Automatic;
					};
					064D41161DD1946E0028FEBC = {
						CreatedOnToolsVersion = 8.1;
						ProvisioningStyle = Automatic;
						TestTargetID = 064D40FF1DD1946D0028FEBC;
					};
					064D41211DD1946E0028FEBC = {
						CreatedOnToolsVersion = 8.1;
						ProvisioningStyle = Automatic;
						TestTargetID = 064D40FF1DD1946D0028FEBC;
					};
				};
			};
			buildConfigurationList = 064D40FB1DD1946C0028FEBC /* Build configuration list for PBXProject "TestApp_10" */;
			compatibilityVersion = "Xcode 3.2";
			developmentRegion = English;
			hasScannedForEncodings = 0;
			knownRegions = (
				en,
				Base,
			);
			mainGroup = 064D40F71DD1946C0028FEBC;
			productRefGroup = 064D41011DD1946D0028FEBC /* Products */;
			projectDirPath = "";
			projectRoot = "";
			targets = (
				064D40FF1DD1946D0028FEBC /* TestApp_10 */,
				064D41161DD1946E0028FEBC /* TestApp_10Tests */,
				064D41211DD1946E0028FEBC /* TestApp_10UITests */,
			);
		};
/* End PBXProject section */

/* Begin PBXResourcesBuildPhase section */
		064D40FE1DD1946D0028FEBC /* Resources */ = {
			isa = PBXResourcesBuildPhase;
			buildActionMask = 2147483647;
			files = (
				064D41111DD1946E0028FEBC /* LaunchScreen.storyboard in Resources */,
				064D410E1DD1946E0028FEBC /* Assets.xcassets in Resources */,
				064D41091DD1946E0028FEBC /* Main.storyboard in Resources */,
			);
			runOnlyForDeploymentPostprocessing = 0;
		};
		064D41151DD1946E0028FEBC /* Resources */ = {
			isa = PBXResourcesBuildPhase;
			buildActionMask = 2147483647;
			files = (
			);
			runOnlyForDeploymentPostprocessing = 0;
		};
		064D41201DD1946E0028FEBC /* Resources */ = {
			isa = PBXResourcesBuildPhase;
			buildActionMask = 2147483647;
			files = (
			);
			runOnlyForDeploymentPostprocessing = 0;
		};
/* End PBXResourcesBuildPhase section */

/* Begin PBXSourcesBuildPhase section */
		064D40FC1DD1946D0028FEBC /* Sources */ = {
			isa = PBXSourcesBuildPhase;
			buildActionMask = 2147483647;
			files = (
				064D41061DD1946D0028FEBC /* ViewController.swift in Sources */,
				064D41041DD1946D0028FEBC /* AppDelegate.swift in Sources */,
				064D410C1DD1946E0028FEBC /* TestApp_10.xcdatamodeld in Sources */,
			);
			runOnlyForDeploymentPostprocessing = 0;
		};
		064D41131DD1946E0028FEBC /* Sources */ = {
			isa = PBXSourcesBuildPhase;
			buildActionMask = 2147483647;
			files = (
				064D411C1DD1946E0028FEBC /* TestApp_10Tests.swift in Sources */,
			);
			runOnlyForDeploymentPostprocessing = 0;
		};
		064D411E1DD1946E0028FEBC /* Sources */ = {
			isa = PBXSourcesBuildPhase;
			buildActionMask = 2147483647;
			files = (
				064D41271DD1946E0028FEBC /* TestApp_10UITests.swift in Sources */,
			);
			runOnlyForDeploymentPostprocessing = 0;
		};
/* End PBXSourcesBuildPhase section */

/* Begin PBXTargetDependency section */
		064D41191DD1946E0028FEBC /* PBXTargetDependency */ = {
			isa = PBXTargetDependency;
			target = 064D40FF1DD1946D0028FEBC /* TestApp_10 */;
			targetProxy = 064D41181DD1946E0028FEBC /* PBXContainerItemProxy */;
		};
		064D41241DD1946E0028FEBC /* PBXTargetDependency */ = {
			isa = PBXTargetDependency;
			target = 064D40FF1DD1946D0028FEBC /* TestApp_10 */;
			targetProxy = 064D41231DD1946E0028FEBC /* PBXContainerItemProxy */;
		};
/* End PBXTargetDependency section */

/* Begin PBXVariantGroup section */
		064D41071DD1946E0028FEBC /* Main.storyboard */ = {
			isa = PBXVariantGroup;
			children = (
				064D41081DD1946E0028FEBC /* Base */,
			);
			name = Main.storyboard;
			sourceTree = "<group>";
		};
		064D410F1DD1946E0028FEBC /* LaunchScreen.storyboard */ = {
			isa = PBXVariantGroup;
			children = (
				064D41101DD1946E0028FEBC /* Base */,
			);
			name = LaunchScreen.storyboard;
			sourceTree = "<group>";
		};
/* End PBXVariantGroup section */

/* Begin XCBuildConfiguration section */
		064D41291DD1946E0028FEBC /* Debug */ = {
			isa = XCBuildConfiguration;
			buildSettings = {
				ALWAYS_SEARCH_USER_PATHS = NO;
				CLANG_ANALYZER_NONNULL = YES;
				CLANG_CXX_LANGUAGE_STANDARD = "gnu++0x";
				CLANG_CXX_LIBRARY = "libc++";
				CLANG_ENABLE_MODULES = YES;
				CLANG_ENABLE_OBJC_ARC = YES;
				CLANG_WARN_BOOL_CONVERSION = YES;
				CLANG_WARN_CONSTANT_CONVERSION = YES;
				CLANG_WARN_DIRECT_OBJC_ISA_USAGE = YES_ERROR;
				CLANG_WARN_DOCUMENTATION_COMMENTS = YES;
				CLANG_WARN_EMPTY_BODY = YES;
				CLANG_WARN_ENUM_CONVERSION = YES;
				CLANG_WARN_INFINITE_RECURSION = YES;
				CLANG_WARN_INT_CONVERSION = YES;
				CLANG_WARN_OBJC_ROOT_CLASS = YES_ERROR;
				CLANG_WARN_SUSPICIOUS_MOVES = YES;
				CLANG_WARN_UNREACHABLE_CODE = YES;
				CLANG_WARN__DUPLICATE_METHOD_MATCH = YES;
				"CODE_SIGN_IDENTITY[sdk=iphoneos*]" = "iPhone Developer";
				COPY_PHASE_STRIP = NO;
				DEBUG_INFORMATION_FORMAT = dwarf;
				ENABLE_STRICT_OBJC_MSGSEND = YES;
				ENABLE_TESTABILITY = YES;
				GCC_C_LANGUAGE_STANDARD = gnu99;
				GCC_DYNAMIC_NO_PIC = NO;
				GCC_NO_COMMON_BLOCKS = YES;
				GCC_OPTIMIZATION_LEVEL = 0;
				GCC_PREPROCESSOR_DEFINITIONS = (
					"DEBUG=1",
					"$(inherited)",
				);
				GCC_WARN_64_TO_32_BIT_CONVERSION = YES;
				GCC_WARN_ABOUT_RETURN_TYPE = YES_ERROR;
				GCC_WARN_UNDECLARED_SELECTOR = YES;
				GCC_WARN_UNINITIALIZED_AUTOS = YES_AGGRESSIVE;
				GCC_WARN_UNUSED_FUNCTION = YES;
				GCC_WARN_UNUSED_VARIABLE = YES;
				IPHONEOS_DEPLOYMENT_TARGET = 10.1;
				MTL_ENABLE_DEBUG_INFO = YES;
				ONLY_ACTIVE_ARCH = YES;
				SDKROOT = iphoneos;
				SWIFT_ACTIVE_COMPILATION_CONDITIONS = DEBUG;
				SWIFT_OPTIMIZATION_LEVEL = "-Onone";
			};
			name = Debug;
		};
		064D412A1DD1946E0028FEBC /* Release */ = {
			isa = XCBuildConfiguration;
			buildSettings = {
				ALWAYS_SEARCH_USER_PATHS = NO;
				CLANG_ANALYZER_NONNULL = YES;
				CLANG_CXX_LANGUAGE_STANDARD = "gnu++0x";
				CLANG_CXX_LIBRARY = "libc++";
				CLANG_ENABLE_MODULES = YES;
				CLANG_ENABLE_OBJC_ARC = YES;
				CLANG_WARN_BOOL_CONVERSION = YES;
				CLANG_WARN_CONSTANT_CONVERSION = YES;
				CLANG_WARN_DIRECT_OBJC_ISA_USAGE = YES_ERROR;
				CLANG_WARN_DOCUMENTATION_COMMENTS = YES;
				CLANG_WARN_EMPTY_BODY = YES;
				CLANG_WARN_ENUM_CONVERSION = YES;
				CLANG_WARN_INFINITE_RECURSION = YES;
				CLANG_WARN_INT_CONVERSION = YES;
				CLANG_WARN_OBJC_ROOT_CLASS = YES_ERROR;
				CLANG_WARN_SUSPICIOUS_MOVES = YES;
				CLANG_WARN_UNREACHABLE_CODE = YES;
				CLANG_WARN__DUPLICATE_METHOD_MATCH = YES;
				"CODE_SIGN_IDENTITY[sdk=iphoneos*]" = "iPhone Developer";
				COPY_PHASE_STRIP = NO;
				DEBUG_INFORMATION_FORMAT = "dwarf-with-dsym";
				ENABLE_NS_ASSERTIONS = NO;
				ENABLE_STRICT_OBJC_MSGSEND = YES;
				GCC_C_LANGUAGE_STANDARD = gnu99;
				GCC_NO_COMMON_BLOCKS = YES;
				GCC_WARN_64_TO_32_BIT_CONVERSION = YES;
				GCC_WARN_ABOUT_RETURN_TYPE = YES_ERROR;
				GCC_WARN_UNDECLARED_SELECTOR = YES;
				GCC_WARN_UNINITIALIZED_AUTOS = YES_AGGRESSIVE;
				GCC_WARN_UNUSED_FUNCTION = YES;
				GCC_WARN_UNUSED_VARIABLE = YES;
				IPHONEOS_DEPLOYMENT_TARGET = 10.1;
				MTL_ENABLE_DEBUG_INFO = NO;
				SDKROOT = iphoneos;
				SWIFT_OPTIMIZATION_LEVEL = "-Owholemodule";
				VALIDATE_PRODUCT = YES;
			};
			name = Release;
		};
		064D412C1DD1946E0028FEBC /* Debug */ = {
			isa = XCBuildConfiguration;
			buildSettings = {
				ASSETCATALOG_COMPILER_APPICON_NAME = AppIcon;
				DEVELOPMENT_TEAM = N4N795H35D;
				INFOPLIST_FILE = TestApp_10/Info.plist;
				LD_RUNPATH_SEARCH_PATHS = "$(inherited) @executable_path/Frameworks";
				PRODUCT_BUNDLE_IDENTIFIER = "com.Gadgeon.TestApp-10";
				PRODUCT_NAME = "$(TARGET_NAME)";
				SWIFT_VERSION = 3.0;
			};
			name = Debug;
		};
		064D412D1DD1946E0028FEBC /* Release */ = {
			isa = XCBuildConfiguration;
			buildSettings = {
				ASSETCATALOG_COMPILER_APPICON_NAME = AppIcon;
				DEVELOPMENT_TEAM = N4N795H35D;
				INFOPLIST_FILE = TestApp_10/Info.plist;
				LD_RUNPATH_SEARCH_PATHS = "$(inherited) @executable_path/Frameworks";
				PRODUCT_BUNDLE_IDENTIFIER = "com.Gadgeon.TestApp-10";
				PRODUCT_NAME = "$(TARGET_NAME)";
				SWIFT_VERSION = 3.0;
			};
			name = Release;
		};
		064D412F1DD1946F0028FEBC /* Debug */ = {
			isa = XCBuildConfiguration;
			buildSettings = {
				ALWAYS_EMBED_SWIFT_STANDARD_LIBRARIES = YES;
				BUNDLE_LOADER = "$(TEST_HOST)";
				INFOPLIST_FILE = TestApp_10Tests/Info.plist;
				LD_RUNPATH_SEARCH_PATHS = "$(inherited) @executable_path/Frameworks @loader_path/Frameworks";
				PRODUCT_BUNDLE_IDENTIFIER = "com.Gadgeon.TestApp-10Tests";
				PRODUCT_NAME = "$(TARGET_NAME)";
				SWIFT_VERSION = 3.0;
				TEST_HOST = "$(BUILT_PRODUCTS_DIR)/TestApp_10.app/TestApp_10";
			};
			name = Debug;
		};
		064D41301DD1946F0028FEBC /* Release */ = {
			isa = XCBuildConfiguration;
			buildSettings = {
				ALWAYS_EMBED_SWIFT_STANDARD_LIBRARIES = YES;
				BUNDLE_LOADER = "$(TEST_HOST)";
				INFOPLIST_FILE = TestApp_10Tests/Info.plist;
				LD_RUNPATH_SEARCH_PATHS = "$(inherited) @executable_path/Frameworks @loader_path/Frameworks";
				PRODUCT_BUNDLE_IDENTIFIER = "com.Gadgeon.TestApp-10Tests";
				PRODUCT_NAME = "$(TARGET_NAME)";
				SWIFT_VERSION = 3.0;
				TEST_HOST = "$(BUILT_PRODUCTS_DIR)/TestApp_10.app/TestApp_10";
			};
			name = Release;
		};
		064D41321DD1946F0028FEBC /* Debug */ = {
			isa = XCBuildConfiguration;
			buildSettings = {
				ALWAYS_EMBED_SWIFT_STANDARD_LIBRARIES = YES;
				INFOPLIST_FILE = TestApp_10UITests/Info.plist;
				LD_RUNPATH_SEARCH_PATHS = "$(inherited) @executable_path/Frameworks @loader_path/Frameworks";
				PRODUCT_BUNDLE_IDENTIFIER = "com.Gadgeon.TestApp-10UITests";
				PRODUCT_NAME = "$(TARGET_NAME)";
				SWIFT_VERSION = 3.0;
				TEST_TARGET_NAME = TestApp_10;
			};
			name = Debug;
		};
		064D41331DD1946F0028FEBC /* Release */ = {
			isa = XCBuildConfiguration;
			buildSettings = {
				ALWAYS_EMBED_SWIFT_STANDARD_LIBRARIES = YES;
				INFOPLIST_FILE = TestApp_10UITests/Info.plist;
				LD_RUNPATH_SEARCH_PATHS = "$(inherited) @executable_path/Frameworks @loader_path/Frameworks";
				PRODUCT_BUNDLE_IDENTIFIER = "com.Gadgeon.TestApp-10UITests";
				PRODUCT_NAME = "$(TARGET_NAME)";
				SWIFT_VERSION = 3.0;
				TEST_TARGET_NAME = TestApp_10;
			};
			name = Release;
		};
/* End XCBuildConfiguration section */

/* Begin XCConfigurationList section */
		064D40FB1DD1946C0028FEBC /* Build configuration list for PBXProject "TestApp_10" */ = {
			isa = XCConfigurationList;
			buildConfigurations = (
				064D41291DD1946E0028FEBC /* Debug */,
				064D412A1DD1946E0028FEBC /* Release */,
			);
			defaultConfigurationIsVisible = 0;
			defaultConfigurationName = Release;
		};
		064D412B1DD1946E0028FEBC /* Build configuration list for PBXNativeTarget "TestApp_10" */ = {
			isa = XCConfigurationList;
			buildConfigurations = (
				064D412C1DD1946E0028FEBC /* Debug */,
				064D412D1DD1946E0028FEBC /* Release */,
			);
			defaultConfigurationIsVisible = 0;
		};
		064D412E1DD1946F0028FEBC /* Build configuration list for PBXNativeTarget "TestApp_10Tests" */ = {
			isa = XCConfigurationList;
			buildConfigurations = (
				064D412F1DD1946F0028FEBC /* Debug */,
				064D41301DD1946F0028FEBC /* Release */,
			);
			defaultConfigurationIsVisible = 0;
		};
		064D41311DD1946F0028FEBC /* Build configuration list for PBXNativeTarget "TestApp_10UITests" */ = {
			isa = XCConfigurationList;
			buildConfigurations = (
				064D41321DD1946F0028FEBC /* Debug */,
				064D41331DD1946F0028FEBC /* Release */,
			);
			defaultConfigurationIsVisible = 0;
		};
/* End XCConfigurationList section */

/* Begin XCVersionGroup section */
		064D410A1DD1946E0028FEBC /* TestApp_10.xcdatamodeld */ = {
			isa = XCVersionGroup;
			children = (
				064D410B1DD1946E0028FEBC /* TestApp_10.xcdatamodel */,
			);
			currentVersion = 064D410B1DD1946E0028FEBC /* TestApp_10.xcdatamodel */;
			path = TestApp_10.xcdatamodeld;
			sourceTree = "<group>";
			versionGroupType = wrapper.xcdatamodel;
		};
/* End XCVersionGroup section */
	};
	rootObject = 064D40F81DD1946C0028FEBC /* Project object */;
}
